
Microsoft Visual Studio Solution File, Format Version 12.00
# Visual Studio Version 16
VisualStudioVersion = 16.0.31605.320
MinimumVisualStudioVersion = 10.0.40219.1
Project("{FAE04EC0-301F-11D3-BF4B-00C04F79EFBC}") = "HeWo", "HeWo\HeWo.csproj", "{2C8DD412-A136-4AEA-B0C9-BAB1D6E9E510}"
EndProject
Global
	GlobalSection(SolutionConfigurationPlatforms) = preSolution
		Debug|Any CPU = Debug|Any CPU
		Release|Any CPU = Release|Any CPU
	EndGlobalSection
	GlobalSection(ProjectConfigurationPlatforms) = postSolution
		{2C8DD412-A136-4AEA-B0C9-BAB1D6E9E510}.Debug|Any CPU.ActiveCfg = Debug|Any CPU
		{2C8DD412-A136-4AEA-B0C9-BAB1D6E9E510}.Debug|Any CPU.Build.0 = Debug|Any CPU
		{2C8DD412-A136-4AEA-B0C9-BAB1D6E9E510}.Release|Any CPU.ActiveCfg = Release|Any CPU
		{2C8DD412-A136-4AEA-B0C9-BAB1D6E9E510}.Release|Any CPU.Build.0 = Release|Any CPU
	EndGlobalSection
	GlobalSection(SolutionProperties) = preSolution
		HideSolutionNode = FALSE
	EndGlobalSection
	GlobalSection(ExtensibilityGlobals) = postSolution
		SolutionGuid = {AC393B4B-5B58-4711-B414-C52A5CA3BF14}
	EndGlobalSection
EndGlobal
